
Microsoft Visual Studio Solution File, Format Version 12.00
# Visual Studio Version 17
VisualStudioVersion = 17.6.33815.320
MinimumVisualStudioVersion = 10.0.40219.1
Project("{FAE04EC0-301F-11D3-BF4B-00C04F79EFBC}") = "otusParallell", "otusParallell.csproj", "{0F517CB2-CD4A-4436-BAAC-66552B4212B2}"
EndProject
Global
	GlobalSection(SolutionConfigurationPlatforms) = preSolution
		Debug|Any CPU = Debug|Any CPU
		Release|Any CPU = Release|Any CPU
	EndGlobalSection
	GlobalSection(ProjectConfigurationPlatforms) = postSolution
		{0F517CB2-CD4A-4436-BAAC-66552B4212B2}.Debug|Any CPU.ActiveCfg = Debug|Any CPU
		{0F517CB2-CD4A-4436-BAAC-66552B4212B2}.Debug|Any CPU.Build.0 = Debug|Any CPU
		{0F517CB2-CD4A-4436-BAAC-66552B4212B2}.Release|Any CPU.ActiveCfg = Release|Any CPU
		{0F517CB2-CD4A-4436-BAAC-66552B4212B2}.Release|Any CPU.Build.0 = Release|Any CPU
	EndGlobalSection
	GlobalSection(SolutionProperties) = preSolution
		HideSolutionNode = FALSE
	EndGlobalSection
	GlobalSection(ExtensibilityGlobals) = postSolution
		SolutionGuid = {1BDD3AE4-7C60-471F-A310-C52102F632BA}
	EndGlobalSection
EndGlobal
